
Microsoft Visual Studio Solution File, Format Version 12.00
# Visual Studio Version 17
VisualStudioVersion = 17.5.33516.290
MinimumVisualStudioVersion = 10.0.40219.1
Project("{FAE04EC0-301F-11D3-BF4B-00C04F79EFBC}") = "LasagnaProject", "LasagnaProject.csproj", "{196A5B85-02D9-4CEB-86E2-CAF989156566}"
EndProject
Global
	GlobalSection(SolutionConfigurationPlatforms) = preSolution
		Debug|Any CPU = Debug|Any CPU
		Release|Any CPU = Release|Any CPU
	EndGlobalSection
	GlobalSection(ProjectConfigurationPlatforms) = postSolution
		{196A5B85-02D9-4CEB-86E2-CAF989156566}.Debug|Any CPU.ActiveCfg = Debug|Any CPU
		{196A5B85-02D9-4CEB-86E2-CAF989156566}.Debug|Any CPU.Build.0 = Debug|Any CPU
		{196A5B85-02D9-4CEB-86E2-CAF989156566}.Release|Any CPU.ActiveCfg = Release|Any CPU
		{196A5B85-02D9-4CEB-86E2-CAF989156566}.Release|Any CPU.Build.0 = Release|Any CPU
	EndGlobalSection
	GlobalSection(SolutionProperties) = preSolution
		HideSolutionNode = FALSE
	EndGlobalSection
	GlobalSection(ExtensibilityGlobals) = postSolution
		SolutionGuid = {0A2B6E41-43ED-47CE-B222-1863F899E4DC}
	EndGlobalSection
EndGlobal
